
Microsoft Visual Studio Solution File, Format Version 12.00
# Visual Studio 15
VisualStudioVersion = 15.0.28307.1321
MinimumVisualStudioVersion = 10.0.40219.1
Project("{FAE04EC0-301F-11D3-BF4B-00C04F79EFBC}") = "dak_datacrawling", "dak_datacrawling\dak_datacrawling.csproj", "{217B5025-C2F9-4584-A566-7CCBF0E8C61D}"
EndProject
Global
	GlobalSection(SolutionConfigurationPlatforms) = preSolution
		Debug|Any CPU = Debug|Any CPU
		Release|Any CPU = Release|Any CPU
	EndGlobalSection
	GlobalSection(ProjectConfigurationPlatforms) = postSolution
		{217B5025-C2F9-4584-A566-7CCBF0E8C61D}.Debug|Any CPU.ActiveCfg = Debug|Any CPU
		{217B5025-C2F9-4584-A566-7CCBF0E8C61D}.Debug|Any CPU.Build.0 = Debug|Any CPU
		{217B5025-C2F9-4584-A566-7CCBF0E8C61D}.Release|Any CPU.ActiveCfg = Release|Any CPU
		{217B5025-C2F9-4584-A566-7CCBF0E8C61D}.Release|Any CPU.Build.0 = Release|Any CPU
	EndGlobalSection
	GlobalSection(SolutionProperties) = preSolution
		HideSolutionNode = FALSE
	EndGlobalSection
	GlobalSection(ExtensibilityGlobals) = postSolution
		SolutionGuid = {C4476FF6-3E76-4683-BA25-9F4FFF50E1E8}
	EndGlobalSection
EndGlobal
